
Microsoft Visual Studio Solution File, Format Version 12.00
# Visual Studio 15
VisualStudioVersion = 15.0.27703.2018
MinimumVisualStudioVersion = 10.0.40219.1
Project("{FAE04EC0-301F-11D3-BF4B-00C04F79EFBC}") = "MVPTask", "MVPTask\MVPTask.csproj", "{CE42F099-F62A-430C-89E6-C1B3545999D0}"
EndProject
Global
	GlobalSection(SolutionConfigurationPlatforms) = preSolution
		Debug|Any CPU = Debug|Any CPU
		Release|Any CPU = Release|Any CPU
	EndGlobalSection
	GlobalSection(ProjectConfigurationPlatforms) = postSolution
		{CE42F099-F62A-430C-89E6-C1B3545999D0}.Debug|Any CPU.ActiveCfg = Debug|Any CPU
		{CE42F099-F62A-430C-89E6-C1B3545999D0}.Debug|Any CPU.Build.0 = Debug|Any CPU
		{CE42F099-F62A-430C-89E6-C1B3545999D0}.Release|Any CPU.ActiveCfg = Release|Any CPU
		{CE42F099-F62A-430C-89E6-C1B3545999D0}.Release|Any CPU.Build.0 = Release|Any CPU
	EndGlobalSection
	GlobalSection(SolutionProperties) = preSolution
		HideSolutionNode = FALSE
	EndGlobalSection
	GlobalSection(ExtensibilityGlobals) = postSolution
		SolutionGuid = {1DB8A1BE-3E07-426D-8291-FF1F4A36990B}
	EndGlobalSection
EndGlobal
